// !$*UTF8*$!
{
	archiveVersion = 1;
	classes = {
	};
	objectVersion = 46;
	objects = {

/* Begin PBXBuildFile section */
		D945D7991ED8CB85003A6AE6 /* main.cpp in Sources */ = {isa = PBXBuildFile; fileRef = D945D7981ED8CB85003A6AE6 /* main.cpp */; };
		D945D7A31ED8CBCD003A6AE6 /* Stone.cpp in Sources */ = {isa = PBXBuildFile; fileRef = D945D7A11ED8CBCD003A6AE6 /* Stone.cpp */; };
		D945D7A61ED8CBE2003A6AE6 /* Table.cpp in Sources */ = {isa = PBXBuildFile; fileRef = D945D7A41ED8CBE2003A6AE6 /* Table.cpp */; };
		D945D7A91ED8CE1C003A6AE6 /* PlayMode.cpp in Sources */ = {isa = PBXBuildFile; fileRef = D945D7A71ED8CE1C003A6AE6 /* PlayMode.cpp */; };
		D945D7AC1ED8FEFD003A6AE6 /* TableController.cpp in Sources */ = {isa = PBXBuildFile; fileRef = D945D7AA1ED8FEFD003A6AE6 /* TableController.cpp */; };
		D945D7AF1ED90565003A6AE6 /* PincerMovement.cpp in Sources */ = {isa = PBXBuildFile; fileRef = D945D7AD1ED90565003A6AE6 /* PincerMovement.cpp */; };
/* End PBXBuildFile section */

/* Begin PBXCopyFilesBuildPhase section */
		D945D7931ED8CB85003A6AE6 /* CopyFiles */ = {
			isa = PBXCopyFilesBuildPhase;
			buildActionMask = 2147483647;
			dstPath = /usr/share/man/man1/;
			dstSubfolderSpec = 0;
			files = (
			);
			runOnlyForDeploymentPostprocessing = 1;
		};
/* End PBXCopyFilesBuildPhase section */

/* Begin PBXFileReference section */
		D945D7951ED8CB85003A6AE6 /* Osero */ = {isa = PBXFileReference; explicitFileType = "compiled.mach-o.executable"; includeInIndex = 0; path = Osero; sourceTree = BUILT_PRODUCTS_DIR; };
		D945D7981ED8CB85003A6AE6 /* main.cpp */ = {isa = PBXFileReference; lastKnownFileType = sourcecode.cpp.cpp; path = main.cpp; sourceTree = "<group>"; };
		D945D7A11ED8CBCD003A6AE6 /* Stone.cpp */ = {isa = PBXFileReference; fileEncoding = 4; lastKnownFileType = sourcecode.cpp.cpp; path = Stone.cpp; sourceTree = "<group>"; };
		D945D7A21ED8CBCD003A6AE6 /* Stone.hpp */ = {isa = PBXFileReference; fileEncoding = 4; lastKnownFileType = sourcecode.cpp.h; path = Stone.hpp; sourceTree = "<group>"; };
		D945D7A41ED8CBE2003A6AE6 /* Table.cpp */ = {isa = PBXFileReference; fileEncoding = 4; lastKnownFileType = sourcecode.cpp.cpp; path = Table.cpp; sourceTree = "<group>"; };
		D945D7A51ED8CBE2003A6AE6 /* Table.hpp */ = {isa = PBXFileReference; fileEncoding = 4; lastKnownFileType = sourcecode.cpp.h; path = Table.hpp; sourceTree = "<group>"; };
		D945D7A71ED8CE1C003A6AE6 /* PlayMode.cpp */ = {isa = PBXFileReference; fileEncoding = 4; lastKnownFileType = sourcecode.cpp.cpp; path = PlayMode.cpp; sourceTree = "<group>"; };
		D945D7A81ED8CE1C003A6AE6 /* PlayMode.hpp */ = {isa = PBXFileReference; fileEncoding = 4; lastKnownFileType = sourcecode.cpp.h; path = PlayMode.hpp; sourceTree = "<group>"; };
		D945D7AA1ED8FEFD003A6AE6 /* TableController.cpp */ = {isa = PBXFileReference; fileEncoding = 4; lastKnownFileType = sourcecode.cpp.cpp; path = TableController.cpp; sourceTree = "<group>"; };
		D945D7AB1ED8FEFD003A6AE6 /* TableController.hpp */ = {isa = PBXFileReference; fileEncoding = 4; lastKnownFileType = sourcecode.cpp.h; path = TableController.hpp; sourceTree = "<group>"; };
		D945D7AD1ED90565003A6AE6 /* PincerMovement.cpp */ = {isa = PBXFileReference; fileEncoding = 4; lastKnownFileType = sourcecode.cpp.cpp; path = PincerMovement.cpp; sourceTree = "<group>"; };
		D945D7AE1ED90565003A6AE6 /* PincerMovement.hpp */ = {isa = PBXFileReference; fileEncoding = 4; lastKnownFileType = sourcecode.cpp.h; path = PincerMovement.hpp; sourceTree = "<group>"; };
/* End PBXFileReference section */

/* Begin PBXFrameworksBuildPhase section */
		D945D7921ED8CB85003A6AE6 /* Frameworks */ = {
			isa = PBXFrameworksBuildPhase;
			buildActionMask = 2147483647;
			files = (
			);
			runOnlyForDeploymentPostprocessing = 0;
		};
/* End PBXFrameworksBuildPhase section */

/* Begin PBXGroup section */
		D945D78C1ED8CB85003A6AE6 = {
			isa = PBXGroup;
			children = (
				D945D7971ED8CB85003A6AE6 /* Osero */,
				D945D7961ED8CB85003A6AE6 /* Products */,
			);
			sourceTree = "<group>";
		};
		D945D7961ED8CB85003A6AE6 /* Products */ = {
			isa = PBXGroup;
			children = (
				D945D7951ED8CB85003A6AE6 /* Osero */,
			);
			name = Products;
			sourceTree = "<group>";
		};
		D945D7971ED8CB85003A6AE6 /* Osero */ = {
			isa = PBXGroup;
			children = (
				D945D7981ED8CB85003A6AE6 /* main.cpp */,
				D945D7A11ED8CBCD003A6AE6 /* Stone.cpp */,
				D945D7A21ED8CBCD003A6AE6 /* Stone.hpp */,
				D945D7A41ED8CBE2003A6AE6 /* Table.cpp */,
				D945D7A51ED8CBE2003A6AE6 /* Table.hpp */,
				D945D7A71ED8CE1C003A6AE6 /* PlayMode.cpp */,
				D945D7A81ED8CE1C003A6AE6 /* PlayMode.hpp */,
				D945D7AA1ED8FEFD003A6AE6 /* TableController.cpp */,
				D945D7AB1ED8FEFD003A6AE6 /* TableController.hpp */,
				D945D7AD1ED90565003A6AE6 /* PincerMovement.cpp */,
				D945D7AE1ED90565003A6AE6 /* PincerMovement.hpp */,
			);
			path = Osero;
			sourceTree = "<group>";
		};
/* End PBXGroup section */

/* Begin PBXNativeTarget section */
		D945D7941ED8CB85003A6AE6 /* Osero */ = {
			isa = PBXNativeTarget;
			buildConfigurationList = D945D79C1ED8CB85003A6AE6 /* Build configuration list for PBXNativeTarget "Osero" */;
			buildPhases = (
				D945D7911ED8CB85003A6AE6 /* Sources */,
				D945D7921ED8CB85003A6AE6 /* Frameworks */,
				D945D7931ED8CB85003A6AE6 /* CopyFiles */,
			);
			buildRules = (
			);
			dependencies = (
			);
			name = Osero;
			productName = Osero;
			productReference = D945D7951ED8CB85003A6AE6 /* Osero */;
			productType = "com.apple.product-type.tool";
		};
/* End PBXNativeTarget section */

/* Begin PBXProject section */
		D945D78D1ED8CB85003A6AE6 /* Project object */ = {
			isa = PBXProject;
			attributes = {
				LastUpgradeCheck = 0830;
				ORGANIZATIONNAME = "西村　宗高";
				TargetAttributes = {
					D945D7941ED8CB85003A6AE6 = {
						CreatedOnToolsVersion = 8.3.2;
						ProvisioningStyle = Automatic;
					};
				};
			};
			buildConfigurationList = D945D7901ED8CB85003A6AE6 /* Build configuration list for PBXProject "Osero" */;
			compatibilityVersion = "Xcode 3.2";
			developmentRegion = English;
			hasScannedForEncodings = 0;
			knownRegions = (
				en,
			);
			mainGroup = D945D78C1ED8CB85003A6AE6;
			productRefGroup = D945D7961ED8CB85003A6AE6 /* Products */;
			projectDirPath = "";
			projectRoot = "";
			targets = (
				D945D7941ED8CB85003A6AE6 /* Osero */,
			);
		};
/* End PBXProject section */

/* Begin PBXSourcesBuildPhase section */
		D945D7911ED8CB85003A6AE6 /* Sources */ = {
			isa = PBXSourcesBuildPhase;
			buildActionMask = 2147483647;
			files = (
				D945D7AC1ED8FEFD003A6AE6 /* TableController.cpp in Sources */,
				D945D7AF1ED90565003A6AE6 /* PincerMovement.cpp in Sources */,
				D945D7A91ED8CE1C003A6AE6 /* PlayMode.cpp in Sources */,
				D945D7A61ED8CBE2003A6AE6 /* Table.cpp in Sources */,
				D945D7991ED8CB85003A6AE6 /* main.cpp in Sources */,
				D945D7A31ED8CBCD003A6AE6 /* Stone.cpp in Sources */,
			);
			runOnlyForDeploymentPostprocessing = 0;
		};
/* End PBXSourcesBuildPhase section */

/* Begin XCBuildConfiguration section */
		D945D79A1ED8CB85003A6AE6 /* Debug */ = {
			isa = XCBuildConfiguration;
			buildSettings = {
				ALWAYS_SEARCH_USER_PATHS = NO;
				CLANG_ANALYZER_NONNULL = YES;
				CLANG_ANALYZER_NUMBER_OBJECT_CONVERSION = YES_AGGRESSIVE;
				CLANG_CXX_LANGUAGE_STANDARD = "gnu++0x";
				CLANG_CXX_LIBRARY = "libc++";
				CLANG_ENABLE_MODULES = YES;
				CLANG_ENABLE_OBJC_ARC = YES;
				CLANG_WARN_BOOL_CONVERSION = YES;
				CLANG_WARN_CONSTANT_CONVERSION = YES;
				CLANG_WARN_DIRECT_OBJC_ISA_USAGE = YES_ERROR;
				CLANG_WARN_DOCUMENTATION_COMMENTS = YES;
				CLANG_WARN_EMPTY_BODY = YES;
				CLANG_WARN_ENUM_CONVERSION = YES;
				CLANG_WARN_INFINITE_RECURSION = YES;
				CLANG_WARN_INT_CONVERSION = YES;
				CLANG_WARN_OBJC_ROOT_CLASS = YES_ERROR;
				CLANG_WARN_SUSPICIOUS_MOVE = YES;
				CLANG_WARN_UNREACHABLE_CODE = YES;
				CLANG_WARN__DUPLICATE_METHOD_MATCH = YES;
				CODE_SIGN_IDENTITY = "-";
				COPY_PHASE_STRIP = NO;
				DEBUG_INFORMATION_FORMAT = dwarf;
				ENABLE_STRICT_OBJC_MSGSEND = YES;
				ENABLE_TESTABILITY = YES;
				GCC_C_LANGUAGE_STANDARD = gnu99;
				GCC_DYNAMIC_NO_PIC = NO;
				GCC_NO_COMMON_BLOCKS = YES;
				GCC_OPTIMIZATION_LEVEL = 0;
				GCC_PREPROCESSOR_DEFINITIONS = (
					"DEBUG=1",
					"$(inherited)",
				);
				GCC_WARN_64_TO_32_BIT_CONVERSION = YES;
				GCC_WARN_ABOUT_RETURN_TYPE = YES_ERROR;
				GCC_WARN_UNDECLARED_SELECTOR = YES;
				GCC_WARN_UNINITIALIZED_AUTOS = YES_AGGRESSIVE;
				GCC_WARN_UNUSED_FUNCTION = YES;
				GCC_WARN_UNUSED_VARIABLE = YES;
				MACOSX_DEPLOYMENT_TARGET = 10.12;
				MTL_ENABLE_DEBUG_INFO = YES;
				ONLY_ACTIVE_ARCH = YES;
				SDKROOT = macosx;
			};
			name = Debug;
		};
		D945D79B1ED8CB85003A6AE6 /* Release */ = {
			isa = XCBuildConfiguration;
			buildSettings = {
				ALWAYS_SEARCH_USER_PATHS = NO;
				CLANG_ANALYZER_NONNULL = YES;
				CLANG_ANALYZER_NUMBER_OBJECT_CONVERSION = YES_AGGRESSIVE;
				CLANG_CXX_LANGUAGE_STANDARD = "gnu++0x";
				CLANG_CXX_LIBRARY = "libc++";
				CLANG_ENABLE_MODULES = YES;
				CLANG_ENABLE_OBJC_ARC = YES;
				CLANG_WARN_BOOL_CONVERSION = YES;
				CLANG_WARN_CONSTANT_CONVERSION = YES;
				CLANG_WARN_DIRECT_OBJC_ISA_USAGE = YES_ERROR;
				CLANG_WARN_DOCUMENTATION_COMMENTS = YES;
				CLANG_WARN_EMPTY_BODY = YES;
				CLANG_WARN_ENUM_CONVERSION = YES;
				CLANG_WARN_INFINITE_RECURSION = YES;
				CLANG_WARN_INT_CONVERSION = YES;
				CLANG_WARN_OBJC_ROOT_CLASS = YES_ERROR;
				CLANG_WARN_SUSPICIOUS_MOVE = YES;
				CLANG_WARN_UNREACHABLE_CODE = YES;
				CLANG_WARN__DUPLICATE_METHOD_MATCH = YES;
				CODE_SIGN_IDENTITY = "-";
				COPY_PHASE_STRIP = NO;
				DEBUG_INFORMATION_FORMAT = "dwarf-with-dsym";
				ENABLE_NS_ASSERTIONS = NO;
				ENABLE_STRICT_OBJC_MSGSEND = YES;
				GCC_C_LANGUAGE_STANDARD = gnu99;
				GCC_NO_COMMON_BLOCKS = YES;
				GCC_WARN_64_TO_32_BIT_CONVERSION = YES;
				GCC_WARN_ABOUT_RETURN_TYPE = YES_ERROR;
				GCC_WARN_UNDECLARED_SELECTOR = YES;
				GCC_WARN_UNINITIALIZED_AUTOS = YES_AGGRESSIVE;
				GCC_WARN_UNUSED_FUNCTION = YES;
				GCC_WARN_UNUSED_VARIABLE = YES;
				MACOSX_DEPLOYMENT_TARGET = 10.12;
				MTL_ENABLE_DEBUG_INFO = NO;
				SDKROOT = macosx;
			};
			name = Release;
		};
		D945D79D1ED8CB85003A6AE6 /* Debug */ = {
			isa = XCBuildConfiguration;
			buildSettings = {
				PRODUCT_NAME = "$(TARGET_NAME)";
			};
			name = Debug;
		};
		D945D79E1ED8CB85003A6AE6 /* Release */ = {
			isa = XCBuildConfiguration;
			buildSettings = {
				PRODUCT_NAME = "$(TARGET_NAME)";
			};
			name = Release;
		};
/* End XCBuildConfiguration section */

/* Begin XCConfigurationList section */
		D945D7901ED8CB85003A6AE6 /* Build configuration list for PBXProject "Osero" */ = {
			isa = XCConfigurationList;
			buildConfigurations = (
				D945D79A1ED8CB85003A6AE6 /* Debug */,
				D945D79B1ED8CB85003A6AE6 /* Release */,
			);
			defaultConfigurationIsVisible = 0;
			defaultConfigurationName = Release;
		};
		D945D79C1ED8CB85003A6AE6 /* Build configuration list for PBXNativeTarget "Osero" */ = {
			isa = XCConfigurationList;
			buildConfigurations = (
				D945D79D1ED8CB85003A6AE6 /* Debug */,
				D945D79E1ED8CB85003A6AE6 /* Release */,
			);
			defaultConfigurationIsVisible = 0;
		};
/* End XCConfigurationList section */
	};
	rootObject = D945D78D1ED8CB85003A6AE6 /* Project object */;
}
